// !$*UTF8*$!
{
	archiveVersion = 1;
	classes = {
	};
	objectVersion = 56;
	objects = {

/* Begin PBXBuildFile section */
		2F22A02C2A679A68000324E0 /* TextFieldModifier.swift in Sources */ = {isa = PBXBuildFile; fileRef = 2F22A02B2A679A68000324E0 /* TextFieldModifier.swift */; };
		2F22A02E2A686749000324E0 /* FirebaseStorage in Frameworks */ = {isa = PBXBuildFile; productRef = 2F22A02D2A686749000324E0 /* FirebaseStorage */; };
		2F22A0302A68675E000324E0 /* FirebaseFirestoreSwift in Frameworks */ = {isa = PBXBuildFile; productRef = 2F22A02F2A68675E000324E0 /* FirebaseFirestoreSwift */; };
		2F22A0362A687420000324E0 /* ContentViewModel.swift in Sources */ = {isa = PBXBuildFile; fileRef = 2F22A0352A687420000324E0 /* ContentViewModel.swift */; };
		2F22A0382A688960000324E0 /* RegisterViewModel.swift in Sources */ = {isa = PBXBuildFile; fileRef = 2F22A0372A688960000324E0 /* RegisterViewModel.swift */; };
		2F57EB532A6E1003008DE6C4 /* JobPostingView.swift in Sources */ = {isa = PBXBuildFile; fileRef = 2F57EB522A6E1003008DE6C4 /* JobPostingView.swift */; };
		2F57EB552A6E1037008DE6C4 /* ContentView2.swift in Sources */ = {isa = PBXBuildFile; fileRef = 2F57EB542A6E1037008DE6C4 /* ContentView2.swift */; };
		2F57EB572A6EE081008DE6C4 /* LoginView2.swift in Sources */ = {isa = PBXBuildFile; fileRef = 2F57EB562A6EE081008DE6C4 /* LoginView2.swift */; };
		2F57EB592A6EE0AB008DE6C4 /* CreateAccountView2.swift in Sources */ = {isa = PBXBuildFile; fileRef = 2F57EB582A6EE0AB008DE6C4 /* CreateAccountView2.swift */; };
		2F57EB5B2A6EE0C7008DE6C4 /* VerificationView2.swift in Sources */ = {isa = PBXBuildFile; fileRef = 2F57EB5A2A6EE0C7008DE6C4 /* VerificationView2.swift */; };
		2F57EB5D2A6EE0F5008DE6C4 /* HomePageView.swift in Sources */ = {isa = PBXBuildFile; fileRef = 2F57EB5C2A6EE0F5008DE6C4 /* HomePageView.swift */; };
		2F57EB5F2A6EE122008DE6C4 /* EditProjectView.swift in Sources */ = {isa = PBXBuildFile; fileRef = 2F57EB5E2A6EE122008DE6C4 /* EditProjectView.swift */; };
		2F57EB612A6EE176008DE6C4 /* PostView.swift in Sources */ = {isa = PBXBuildFile; fileRef = 2F57EB602A6EE176008DE6C4 /* PostView.swift */; };
		2F57EB632A6EE1CA008DE6C4 /* ProfileStatView.swift in Sources */ = {isa = PBXBuildFile; fileRef = 2F57EB622A6EE1CA008DE6C4 /* ProfileStatView.swift */; };
		2F57EB652A6EE1EA008DE6C4 /* ProductionStudioProfileHeaderView.swift in Sources */ = {isa = PBXBuildFile; fileRef = 2F57EB642A6EE1EA008DE6C4 /* ProductionStudioProfileHeaderView.swift */; };
		2F57EB672A6EE202008DE6C4 /* ProductionStudioProfileView.swift in Sources */ = {isa = PBXBuildFile; fileRef = 2F57EB662A6EE202008DE6C4 /* ProductionStudioProfileView.swift */; };
		2F57EB692A6EE225008DE6C4 /* EmployeeRowView.swift in Sources */ = {isa = PBXBuildFile; fileRef = 2F57EB682A6EE225008DE6C4 /* EmployeeRowView.swift */; };
		2F57EB6B2A6EE305008DE6C4 /* WriterProfileHeaderView.swift in Sources */ = {isa = PBXBuildFile; fileRef = 2F57EB6A2A6EE305008DE6C4 /* WriterProfileHeaderView.swift */; };
		2F57EB6D2A6EE353008DE6C4 /* EditProfileView.swift in Sources */ = {isa = PBXBuildFile; fileRef = 2F57EB6C2A6EE353008DE6C4 /* EditProfileView.swift */; };
		2F57EB6F2A6EE470008DE6C4 /* ProjectListView.swift in Sources */ = {isa = PBXBuildFile; fileRef = 2F57EB6E2A6EE470008DE6C4 /* ProjectListView.swift */; };
		2F57EB712A6EE4B7008DE6C4 /* ProjectListItem.swift in Sources */ = {isa = PBXBuildFile; fileRef = 2F57EB702A6EE4B7008DE6C4 /* ProjectListItem.swift */; };
		2F57EB732A6EE4D7008DE6C4 /* ProjectDetailsView.swift in Sources */ = {isa = PBXBuildFile; fileRef = 2F57EB722A6EE4D7008DE6C4 /* ProjectDetailsView.swift */; };
		2F57EB752A6EE4EE008DE6C4 /* AddProjectView.swift in Sources */ = {isa = PBXBuildFile; fileRef = 2F57EB742A6EE4EE008DE6C4 /* AddProjectView.swift */; };
		2F8311592A632F13002C7E77 /* CreateAccountView.swift in Sources */ = {isa = PBXBuildFile; fileRef = 2F8311582A632F13002C7E77 /* CreateAccountView.swift */; };
		2F83115B2A632F5F002C7E77 /* VerificationView.swift in Sources */ = {isa = PBXBuildFile; fileRef = 2F83115A2A632F5F002C7E77 /* VerificationView.swift */; };
		2F83115F2A632FB3002C7E77 /* PersonalFeedView.swift in Sources */ = {isa = PBXBuildFile; fileRef = 2F83115E2A632FB3002C7E77 /* PersonalFeedView.swift */; };
		2F8311632A632FFB002C7E77 /* BusinessFeedView.swift in Sources */ = {isa = PBXBuildFile; fileRef = 2F8311622A632FFB002C7E77 /* BusinessFeedView.swift */; };
		2F8311652A633080002C7E77 /* ProfileHeaderView.swift in Sources */ = {isa = PBXBuildFile; fileRef = 2F8311642A633080002C7E77 /* ProfileHeaderView.swift */; };
		2F8311692A6330E6002C7E77 /* BusinessProfileView.swift in Sources */ = {isa = PBXBuildFile; fileRef = 2F8311682A6330E6002C7E77 /* BusinessProfileView.swift */; };
		2F83116B2A633116002C7E77 /* PersonalProfileView.swift in Sources */ = {isa = PBXBuildFile; fileRef = 2F83116A2A633116002C7E77 /* PersonalProfileView.swift */; };
		2F83116D2A633137002C7E77 /* leftSwipeView.swift in Sources */ = {isa = PBXBuildFile; fileRef = 2F83116C2A633137002C7E77 /* leftSwipeView.swift */; };
		2F8311712A63316A002C7E77 /* ExploreView.swift in Sources */ = {isa = PBXBuildFile; fileRef = 2F8311702A63316A002C7E77 /* ExploreView.swift */; };
		2F8311732A633181002C7E77 /* NotificationsView.swift in Sources */ = {isa = PBXBuildFile; fileRef = 2F8311722A633181002C7E77 /* NotificationsView.swift */; };
		2F8311752A633196002C7E77 /* MessagesView.swift in Sources */ = {isa = PBXBuildFile; fileRef = 2F8311742A633196002C7E77 /* MessagesView.swift */; };
		2F8311792A6331C2002C7E77 /* AIView.swift in Sources */ = {isa = PBXBuildFile; fileRef = 2F8311782A6331C2002C7E77 /* AIView.swift */; };
		2F83117B2A6331DB002C7E77 /* WorldView.swift in Sources */ = {isa = PBXBuildFile; fileRef = 2F83117A2A6331DB002C7E77 /* WorldView.swift */; };
		2F83117D2A6331F0002C7E77 /* OriginalsView.swift in Sources */ = {isa = PBXBuildFile; fileRef = 2F83117C2A6331F0002C7E77 /* OriginalsView.swift */; };
		2F83117F2A633205002C7E77 /* DailyView.swift in Sources */ = {isa = PBXBuildFile; fileRef = 2F83117E2A633205002C7E77 /* DailyView.swift */; };
		2F8311812A63322B002C7E77 /* GenresView.swift in Sources */ = {isa = PBXBuildFile; fileRef = 2F8311802A63322B002C7E77 /* GenresView.swift */; };
		2F8311832A633266002C7E77 /* LoginView.swift in Sources */ = {isa = PBXBuildFile; fileRef = 2F8311822A633266002C7E77 /* LoginView.swift */; };
		2F8311852A633A2C002C7E77 /* AuthViewModel.swift in Sources */ = {isa = PBXBuildFile; fileRef = 2F8311842A633A2C002C7E77 /* AuthViewModel.swift */; };
		2F8311882A65DD49002C7E77 /* User.swift in Sources */ = {isa = PBXBuildFile; fileRef = 2F8311872A65DD49002C7E77 /* User.swift */; };
		2F8A29DF2A6CEDAF00C49890 /* ProfileView.swift in Sources */ = {isa = PBXBuildFile; fileRef = 2F8A29DE2A6CEDAF00C49890 /* ProfileView.swift */; };
		2F8A29E12A6CEDE800C49890 /* UserStatView.swift in Sources */ = {isa = PBXBuildFile; fileRef = 2F8A29E02A6CEDE800C49890 /* UserStatView.swift */; };
		2F8A29E32A6CF49400C49890 /* FirebaseAuth in Frameworks */ = {isa = PBXBuildFile; productRef = 2F8A29E22A6CF49400C49890 /* FirebaseAuth */; };
		2F8A29E52A6D08B800C49890 /* LoginViewModel.swift in Sources */ = {isa = PBXBuildFile; fileRef = 2F8A29E42A6D08B800C49890 /* LoginViewModel.swift */; };
		2F8A29E72A6DC66900C49890 /* MainTabView.swift in Sources */ = {isa = PBXBuildFile; fileRef = 2F8A29E62A6DC66900C49890 /* MainTabView.swift */; };
		2FD4339C2A6F599C0002EA25 /* PublishedProjectView.swift in Sources */ = {isa = PBXBuildFile; fileRef = 2FD4339B2A6F599C0002EA25 /* PublishedProjectView.swift */; };
		2FD4339E2A6F59BA0002EA25 /* YourProjectView.swift in Sources */ = {isa = PBXBuildFile; fileRef = 2FD4339D2A6F59BA0002EA25 /* YourProjectView.swift */; };
		9E2B74AB2A60A1B500F4B33D /* socialmediaApp.swift in Sources */ = {isa = PBXBuildFile; fileRef = 9E2B74AA2A60A1B500F4B33D /* socialmediaApp.swift */; };
		9E2B74AC2A60A1B500F4B33D /* socialmediaApp.swift in Sources */ = {isa = PBXBuildFile; fileRef = 9E2B74AA2A60A1B500F4B33D /* socialmediaApp.swift */; };
		9E2B74AD2A60A1B500F4B33D /* socialmediaApp.swift in Sources */ = {isa = PBXBuildFile; fileRef = 9E2B74AA2A60A1B500F4B33D /* socialmediaApp.swift */; };
		9E4E38C72A6A079500AC8015 /* GoogleService-Info.plist in Resources */ = {isa = PBXBuildFile; fileRef = 9E4E38C62A6A079500AC8015 /* GoogleService-Info.plist */; };
		9E4E38C82A6A079500AC8015 /* GoogleService-Info.plist in Resources */ = {isa = PBXBuildFile; fileRef = 9E4E38C62A6A079500AC8015 /* GoogleService-Info.plist */; };
		9E4E38C92A6A079500AC8015 /* GoogleService-Info.plist in Resources */ = {isa = PBXBuildFile; fileRef = 9E4E38C62A6A079500AC8015 /* GoogleService-Info.plist */; };
		9E8EC6172A6F4A67002D803C /* CreateProjectView.swift in Sources */ = {isa = PBXBuildFile; fileRef = 9E8EC6162A6F4A67002D803C /* CreateProjectView.swift */; };
		9E8EC61B2A6F4DCB002D803C /* FeedView.swift in Sources */ = {isa = PBXBuildFile; fileRef = 9E8EC61A2A6F4DCB002D803C /* FeedView.swift */; };
		9EB936AB2A6E1746001046F9 /* list in Resources */ = {isa = PBXBuildFile; fileRef = 9EB936AA2A6E1746001046F9 /* list */; };
		9EC42AD42A5C3D0F00E2F248 /* ContentView.swift in Sources */ = {isa = PBXBuildFile; fileRef = 9EC42AD32A5C3D0F00E2F248 /* ContentView.swift */; };
		9EC42AD62A5C3D0F00E2F248 /* Assets.xcassets in Resources */ = {isa = PBXBuildFile; fileRef = 9EC42AD52A5C3D0F00E2F248 /* Assets.xcassets */; };
		9EC42AD92A5C3D0F00E2F248 /* Preview Assets.xcassets in Resources */ = {isa = PBXBuildFile; fileRef = 9EC42AD82A5C3D0F00E2F248 /* Preview Assets.xcassets */; };
		9EC42AE32A5C3D1000E2F248 /* socialmediaTests.swift in Sources */ = {isa = PBXBuildFile; fileRef = 9EC42AE22A5C3D1000E2F248 /* socialmediaTests.swift */; };
		9EC42AED2A5C3D1000E2F248 /* socialmediaUITests.swift in Sources */ = {isa = PBXBuildFile; fileRef = 9EC42AEC2A5C3D1000E2F248 /* socialmediaUITests.swift */; };
		9EC42AEF2A5C3D1000E2F248 /* socialmediaUITestsLaunchTests.swift in Sources */ = {isa = PBXBuildFile; fileRef = 9EC42AEE2A5C3D1000E2F248 /* socialmediaUITestsLaunchTests.swift */; };
		9EC42B012A5DDB0100E2F248 /* FirebaseAnalytics in Frameworks */ = {isa = PBXBuildFile; productRef = 9EC42B002A5DDB0100E2F248 /* FirebaseAnalytics */; };
		9EC42B032A5DDB0100E2F248 /* FirebaseAnalyticsWithoutAdIdSupport in Frameworks */ = {isa = PBXBuildFile; productRef = 9EC42B022A5DDB0100E2F248 /* FirebaseAnalyticsWithoutAdIdSupport */; };
		9EDE5CE02A5DF6400060E816 /* FirebaseFirestore in Frameworks */ = {isa = PBXBuildFile; productRef = 9EDE5CDF2A5DF6400060E816 /* FirebaseFirestore */; };
		9EDE5CE22A5E00FE0060E816 /* FirebaseMessaging in Frameworks */ = {isa = PBXBuildFile; productRef = 9EDE5CE12A5E00FE0060E816 /* FirebaseMessaging */; };
/* End PBXBuildFile section */

/* Begin PBXContainerItemProxy section */
		9EC42ADF2A5C3D1000E2F248 /* PBXContainerItemProxy */ = {
			isa = PBXContainerItemProxy;
			containerPortal = 9EC42AC62A5C3D0F00E2F248 /* Project object */;
			proxyType = 1;
			remoteGlobalIDString = 9EC42ACD2A5C3D0F00E2F248;
			remoteInfo = socialmedia;
		};
		9EC42AE92A5C3D1000E2F248 /* PBXContainerItemProxy */ = {
			isa = PBXContainerItemProxy;
			containerPortal = 9EC42AC62A5C3D0F00E2F248 /* Project object */;
			proxyType = 1;
			remoteGlobalIDString = 9EC42ACD2A5C3D0F00E2F248;
			remoteInfo = socialmedia;
		};
/* End PBXContainerItemProxy section */

/* Begin PBXFileReference section */
		2F22A02B2A679A68000324E0 /* TextFieldModifier.swift */ = {isa = PBXFileReference; lastKnownFileType = sourcecode.swift; path = TextFieldModifier.swift; sourceTree = "<group>"; };
		2F22A0352A687420000324E0 /* ContentViewModel.swift */ = {isa = PBXFileReference; lastKnownFileType = sourcecode.swift; path = ContentViewModel.swift; sourceTree = "<group>"; };
		2F22A0372A688960000324E0 /* RegisterViewModel.swift */ = {isa = PBXFileReference; lastKnownFileType = sourcecode.swift; path = RegisterViewModel.swift; sourceTree = "<group>"; };
		2F57EB522A6E1003008DE6C4 /* JobPostingView.swift */ = {isa = PBXFileReference; lastKnownFileType = sourcecode.swift; path = JobPostingView.swift; sourceTree = "<group>"; };
		2F57EB542A6E1037008DE6C4 /* ContentView2.swift */ = {isa = PBXFileReference; lastKnownFileType = sourcecode.swift; path = ContentView2.swift; sourceTree = "<group>"; };
		2F57EB562A6EE081008DE6C4 /* LoginView2.swift */ = {isa = PBXFileReference; lastKnownFileType = sourcecode.swift; path = LoginView2.swift; sourceTree = "<group>"; };
		2F57EB582A6EE0AB008DE6C4 /* CreateAccountView2.swift */ = {isa = PBXFileReference; lastKnownFileType = sourcecode.swift; path = CreateAccountView2.swift; sourceTree = "<group>"; };
		2F57EB5A2A6EE0C7008DE6C4 /* VerificationView2.swift */ = {isa = PBXFileReference; lastKnownFileType = sourcecode.swift; path = VerificationView2.swift; sourceTree = "<group>"; };
		2F57EB5C2A6EE0F5008DE6C4 /* HomePageView.swift */ = {isa = PBXFileReference; lastKnownFileType = sourcecode.swift; path = HomePageView.swift; sourceTree = "<group>"; };
		2F57EB5E2A6EE122008DE6C4 /* EditProjectView.swift */ = {isa = PBXFileReference; lastKnownFileType = sourcecode.swift; path = EditProjectView.swift; sourceTree = "<group>"; };
		2F57EB602A6EE176008DE6C4 /* PostView.swift */ = {isa = PBXFileReference; lastKnownFileType = sourcecode.swift; path = PostView.swift; sourceTree = "<group>"; };
		2F57EB622A6EE1CA008DE6C4 /* ProfileStatView.swift */ = {isa = PBXFileReference; lastKnownFileType = sourcecode.swift; path = ProfileStatView.swift; sourceTree = "<group>"; };
		2F57EB642A6EE1EA008DE6C4 /* ProductionStudioProfileHeaderView.swift */ = {isa = PBXFileReference; lastKnownFileType = sourcecode.swift; path = ProductionStudioProfileHeaderView.swift; sourceTree = "<group>"; };
		2F57EB662A6EE202008DE6C4 /* ProductionStudioProfileView.swift */ = {isa = PBXFileReference; lastKnownFileType = sourcecode.swift; path = ProductionStudioProfileView.swift; sourceTree = "<group>"; };
		2F57EB682A6EE225008DE6C4 /* EmployeeRowView.swift */ = {isa = PBXFileReference; lastKnownFileType = sourcecode.swift; path = EmployeeRowView.swift; sourceTree = "<group>"; };
		2F57EB6A2A6EE305008DE6C4 /* WriterProfileHeaderView.swift */ = {isa = PBXFileReference; lastKnownFileType = sourcecode.swift; path = WriterProfileHeaderView.swift; sourceTree = "<group>"; };
		2F57EB6C2A6EE353008DE6C4 /* EditProfileView.swift */ = {isa = PBXFileReference; lastKnownFileType = sourcecode.swift; path = EditProfileView.swift; sourceTree = "<group>"; };
		2F57EB6E2A6EE470008DE6C4 /* ProjectListView.swift */ = {isa = PBXFileReference; lastKnownFileType = sourcecode.swift; path = ProjectListView.swift; sourceTree = "<group>"; };
		2F57EB702A6EE4B7008DE6C4 /* ProjectListItem.swift */ = {isa = PBXFileReference; lastKnownFileType = sourcecode.swift; path = ProjectListItem.swift; sourceTree = "<group>"; };
		2F57EB722A6EE4D7008DE6C4 /* ProjectDetailsView.swift */ = {isa = PBXFileReference; lastKnownFileType = sourcecode.swift; path = ProjectDetailsView.swift; sourceTree = "<group>"; };
		2F57EB742A6EE4EE008DE6C4 /* AddProjectView.swift */ = {isa = PBXFileReference; lastKnownFileType = sourcecode.swift; path = AddProjectView.swift; sourceTree = "<group>"; };
		2F8311582A632F13002C7E77 /* CreateAccountView.swift */ = {isa = PBXFileReference; lastKnownFileType = sourcecode.swift; name = CreateAccountView.swift; path = socialmedia/Core/Auth/View/CreateAccountView.swift; sourceTree = SOURCE_ROOT; };
		2F83115A2A632F5F002C7E77 /* VerificationView.swift */ = {isa = PBXFileReference; lastKnownFileType = sourcecode.swift; path = VerificationView.swift; sourceTree = "<group>"; };
		2F83115E2A632FB3002C7E77 /* PersonalFeedView.swift */ = {isa = PBXFileReference; lastKnownFileType = sourcecode.swift; path = PersonalFeedView.swift; sourceTree = "<group>"; };
		2F8311622A632FFB002C7E77 /* BusinessFeedView.swift */ = {isa = PBXFileReference; lastKnownFileType = sourcecode.swift; path = BusinessFeedView.swift; sourceTree = "<group>"; };
		2F8311642A633080002C7E77 /* ProfileHeaderView.swift */ = {isa = PBXFileReference; lastKnownFileType = sourcecode.swift; path = ProfileHeaderView.swift; sourceTree = "<group>"; };
		2F8311682A6330E6002C7E77 /* BusinessProfileView.swift */ = {isa = PBXFileReference; lastKnownFileType = sourcecode.swift; path = BusinessProfileView.swift; sourceTree = "<group>"; };
		2F83116A2A633116002C7E77 /* PersonalProfileView.swift */ = {isa = PBXFileReference; lastKnownFileType = sourcecode.swift; path = PersonalProfileView.swift; sourceTree = "<group>"; };
		2F83116C2A633137002C7E77 /* leftSwipeView.swift */ = {isa = PBXFileReference; lastKnownFileType = sourcecode.swift; path = leftSwipeView.swift; sourceTree = "<group>"; };
		2F8311702A63316A002C7E77 /* ExploreView.swift */ = {isa = PBXFileReference; lastKnownFileType = sourcecode.swift; path = ExploreView.swift; sourceTree = "<group>"; };
		2F8311722A633181002C7E77 /* NotificationsView.swift */ = {isa = PBXFileReference; lastKnownFileType = sourcecode.swift; path = NotificationsView.swift; sourceTree = "<group>"; };
		2F8311742A633196002C7E77 /* MessagesView.swift */ = {isa = PBXFileReference; lastKnownFileType = sourcecode.swift; path = MessagesView.swift; sourceTree = "<group>"; };
		2F8311782A6331C2002C7E77 /* AIView.swift */ = {isa = PBXFileReference; lastKnownFileType = sourcecode.swift; path = AIView.swift; sourceTree = "<group>"; };
		2F83117A2A6331DB002C7E77 /* WorldView.swift */ = {isa = PBXFileReference; lastKnownFileType = sourcecode.swift; path = WorldView.swift; sourceTree = "<group>"; };
		2F83117C2A6331F0002C7E77 /* OriginalsView.swift */ = {isa = PBXFileReference; lastKnownFileType = sourcecode.swift; path = OriginalsView.swift; sourceTree = "<group>"; };
		2F83117E2A633205002C7E77 /* DailyView.swift */ = {isa = PBXFileReference; lastKnownFileType = sourcecode.swift; path = DailyView.swift; sourceTree = "<group>"; };
		2F8311802A63322B002C7E77 /* GenresView.swift */ = {isa = PBXFileReference; lastKnownFileType = sourcecode.swift; path = GenresView.swift; sourceTree = "<group>"; };
		2F8311822A633266002C7E77 /* LoginView.swift */ = {isa = PBXFileReference; lastKnownFileType = sourcecode.swift; path = LoginView.swift; sourceTree = "<group>"; };
		2F8311842A633A2C002C7E77 /* AuthViewModel.swift */ = {isa = PBXFileReference; lastKnownFileType = sourcecode.swift; path = AuthViewModel.swift; sourceTree = "<group>"; };
		2F8311872A65DD49002C7E77 /* User.swift */ = {isa = PBXFileReference; lastKnownFileType = sourcecode.swift; path = User.swift; sourceTree = "<group>"; };
		2F8A29DE2A6CEDAF00C49890 /* ProfileView.swift */ = {isa = PBXFileReference; lastKnownFileType = sourcecode.swift; path = ProfileView.swift; sourceTree = "<group>"; };
		2F8A29E02A6CEDE800C49890 /* UserStatView.swift */ = {isa = PBXFileReference; lastKnownFileType = sourcecode.swift; path = UserStatView.swift; sourceTree = "<group>"; };
		2F8A29E42A6D08B800C49890 /* LoginViewModel.swift */ = {isa = PBXFileReference; lastKnownFileType = sourcecode.swift; path = LoginViewModel.swift; sourceTree = "<group>"; };
		2F8A29E62A6DC66900C49890 /* MainTabView.swift */ = {isa = PBXFileReference; lastKnownFileType = sourcecode.swift; path = MainTabView.swift; sourceTree = "<group>"; };
		2FD4339B2A6F599C0002EA25 /* PublishedProjectView.swift */ = {isa = PBXFileReference; lastKnownFileType = sourcecode.swift; path = PublishedProjectView.swift; sourceTree = "<group>"; };
		2FD4339D2A6F59BA0002EA25 /* YourProjectView.swift */ = {isa = PBXFileReference; lastKnownFileType = sourcecode.swift; path = YourProjectView.swift; sourceTree = "<group>"; };
		9E2B74AA2A60A1B500F4B33D /* socialmediaApp.swift */ = {isa = PBXFileReference; lastKnownFileType = sourcecode.swift; path = socialmediaApp.swift; sourceTree = "<group>"; };
		9E4E38C62A6A079500AC8015 /* GoogleService-Info.plist */ = {isa = PBXFileReference; fileEncoding = 4; lastKnownFileType = text.plist.xml; name = "GoogleService-Info.plist"; path = "../../../Downloads/GoogleService-Info.plist"; sourceTree = "<group>"; };
		9E8EC6162A6F4A67002D803C /* CreateProjectView.swift */ = {isa = PBXFileReference; lastKnownFileType = sourcecode.swift; name = CreateProjectView.swift; path = "../Preview Content/CreateProjectView.swift"; sourceTree = "<group>"; };
		9E8EC61A2A6F4DCB002D803C /* FeedView.swift */ = {isa = PBXFileReference; lastKnownFileType = sourcecode.swift; name = FeedView.swift; path = "../Preview Content/FeedView.swift"; sourceTree = "<group>"; };
		9EB936AA2A6E1746001046F9 /* list */ = {isa = PBXFileReference; lastKnownFileType = text; path = list; sourceTree = "<group>"; };
		9EC42ACE2A5C3D0F00E2F248 /* socialmedia.app */ = {isa = PBXFileReference; explicitFileType = wrapper.application; includeInIndex = 0; path = socialmedia.app; sourceTree = BUILT_PRODUCTS_DIR; };
		9EC42AD32A5C3D0F00E2F248 /* ContentView.swift */ = {isa = PBXFileReference; lastKnownFileType = sourcecode.swift; path = ContentView.swift; sourceTree = "<group>"; };
		9EC42AD52A5C3D0F00E2F248 /* Assets.xcassets */ = {isa = PBXFileReference; lastKnownFileType = folder.assetcatalog; path = Assets.xcassets; sourceTree = "<group>"; };
		9EC42AD82A5C3D0F00E2F248 /* Preview Assets.xcassets */ = {isa = PBXFileReference; lastKnownFileType = folder.assetcatalog; path = "Preview Assets.xcassets"; sourceTree = "<group>"; };
		9EC42ADE2A5C3D1000E2F248 /* socialmediaTests.xctest */ = {isa = PBXFileReference; explicitFileType = wrapper.cfbundle; includeInIndex = 0; path = socialmediaTests.xctest; sourceTree = BUILT_PRODUCTS_DIR; };
		9EC42AE22A5C3D1000E2F248 /* socialmediaTests.swift */ = {isa = PBXFileReference; lastKnownFileType = sourcecode.swift; path = socialmediaTests.swift; sourceTree = "<group>"; };
		9EC42AE82A5C3D1000E2F248 /* socialmediaUITests.xctest */ = {isa = PBXFileReference; explicitFileType = wrapper.cfbundle; includeInIndex = 0; path = socialmediaUITests.xctest; sourceTree = BUILT_PRODUCTS_DIR; };
		9EC42AEC2A5C3D1000E2F248 /* socialmediaUITests.swift */ = {isa = PBXFileReference; lastKnownFileType = sourcecode.swift; path = socialmediaUITests.swift; sourceTree = "<group>"; };
		9EC42AEE2A5C3D1000E2F248 /* socialmediaUITestsLaunchTests.swift */ = {isa = PBXFileReference; lastKnownFileType = sourcecode.swift; path = socialmediaUITestsLaunchTests.swift; sourceTree = "<group>"; };
		9EDE5CE32A5E01030060E816 /* Info.plist */ = {isa = PBXFileReference; lastKnownFileType = text.plist; path = Info.plist; sourceTree = "<group>"; };
/* End PBXFileReference section */

/* Begin PBXFrameworksBuildPhase section */
		9EC42ACB2A5C3D0F00E2F248 /* Frameworks */ = {
			isa = PBXFrameworksBuildPhase;
			buildActionMask = 2147483647;
			files = (
				9EC42B012A5DDB0100E2F248 /* FirebaseAnalytics in Frameworks */,
				9EDE5CE02A5DF6400060E816 /* FirebaseFirestore in Frameworks */,
				9EDE5CE22A5E00FE0060E816 /* FirebaseMessaging in Frameworks */,
				2F22A0302A68675E000324E0 /* FirebaseFirestoreSwift in Frameworks */,
				9EC42B032A5DDB0100E2F248 /* FirebaseAnalyticsWithoutAdIdSupport in Frameworks */,
				2F8A29E32A6CF49400C49890 /* FirebaseAuth in Frameworks */,
				2F22A02E2A686749000324E0 /* FirebaseStorage in Frameworks */,
			);
			runOnlyForDeploymentPostprocessing = 0;
		};
		9EC42ADB2A5C3D1000E2F248 /* Frameworks */ = {
			isa = PBXFrameworksBuildPhase;
			buildActionMask = 2147483647;
			files = (
			);
			runOnlyForDeploymentPostprocessing = 0;
		};
		9EC42AE52A5C3D1000E2F248 /* Frameworks */ = {
			isa = PBXFrameworksBuildPhase;
			buildActionMask = 2147483647;
			files = (
			);
			runOnlyForDeploymentPostprocessing = 0;
		};
/* End PBXFrameworksBuildPhase section */

/* Begin PBXGroup section */
		2F22A01F2A67107F000324E0 /* App */ = {
			isa = PBXGroup;
			children = (
				9E2B74AA2A60A1B500F4B33D /* socialmediaApp.swift */,
			);
			path = App;
			sourceTree = "<group>";
		};
		2F22A0202A671090000324E0 /* Core */ = {
			isa = PBXGroup;
			children = (
				2F22A0212A671098000324E0 /* Auth */,
				2F22A02A2A679A2F000324E0 /* Components */,
				2F22A0222A67109E000324E0 /* Feed */,
				2F22A0232A6710A4000324E0 /* Profile */,
				2F22A0262A6710D7000324E0 /* Root */,
				2F22A0252A6710C2000324E0 /* Search */,
				2F22A0272A671125000324E0 /* TabBar */,
				2F22A0292A6711C4000324E0 /* UploadPost */,
			);
			path = Core;
			sourceTree = "<group>";
		};
		2F22A0212A671098000324E0 /* Auth */ = {
			isa = PBXGroup;
			children = (
				2F22A0312A6869DB000324E0 /* View */,
				2F22A0322A6869FA000324E0 /* ViewModel */,
			);
			path = Auth;
			sourceTree = "<group>";
		};
		2F22A0222A67109E000324E0 /* Feed */ = {
			isa = PBXGroup;
			children = (
			);
			path = Feed;
			sourceTree = "<group>";
		};
		2F22A0232A6710A4000324E0 /* Profile */ = {
			isa = PBXGroup;
			children = (
				2F8A29DE2A6CEDAF00C49890 /* ProfileView.swift */,
			);
			path = Profile;
			sourceTree = "<group>";
		};
		2F22A0252A6710C2000324E0 /* Search */ = {
			isa = PBXGroup;
			children = (
			);
			path = Search;
			sourceTree = "<group>";
		};
		2F22A0262A6710D7000324E0 /* Root */ = {
			isa = PBXGroup;
			children = (
				2F22A0332A686CD6000324E0 /* View */,
				2F22A0342A686CDB000324E0 /* ViewModel */,
			);
			path = Root;
			sourceTree = "<group>";
		};
		2F22A0272A671125000324E0 /* TabBar */ = {
			isa = PBXGroup;
			children = (
				2F8A29E62A6DC66900C49890 /* MainTabView.swift */,
			);
			path = TabBar;
			sourceTree = "<group>";
		};
		2F22A0292A6711C4000324E0 /* UploadPost */ = {
			isa = PBXGroup;
			children = (
			);
			path = UploadPost;
			sourceTree = "<group>";
		};
		2F22A02A2A679A2F000324E0 /* Components */ = {
			isa = PBXGroup;
			children = (
				2F22A02B2A679A68000324E0 /* TextFieldModifier.swift */,
				2F8A29E02A6CEDE800C49890 /* UserStatView.swift */,
			);
			path = Components;
			sourceTree = "<group>";
		};
		2F22A0312A6869DB000324E0 /* View */ = {
			isa = PBXGroup;
			children = (
				2F8311582A632F13002C7E77 /* CreateAccountView.swift */,
				2F8311822A633266002C7E77 /* LoginView.swift */,
				2F83115A2A632F5F002C7E77 /* VerificationView.swift */,
			);
			path = View;
			sourceTree = "<group>";
		};
		2F22A0322A6869FA000324E0 /* ViewModel */ = {
			isa = PBXGroup;
			children = (
				2F8311842A633A2C002C7E77 /* AuthViewModel.swift */,
				2F22A0372A688960000324E0 /* RegisterViewModel.swift */,
				2F8A29E42A6D08B800C49890 /* LoginViewModel.swift */,
			);
			path = ViewModel;
			sourceTree = "<group>";
		};
		2F22A0332A686CD6000324E0 /* View */ = {
			isa = PBXGroup;
			children = (
				9EC42AD32A5C3D0F00E2F248 /* ContentView.swift */,
			);
			path = View;
			sourceTree = "<group>";
		};
		2F22A0342A686CDB000324E0 /* ViewModel */ = {
			isa = PBXGroup;
			children = (
				2F22A0352A687420000324E0 /* ContentViewModel.swift */,
			);
			path = ViewModel;
			sourceTree = "<group>";
		};
		2F8311572A632EC1002C7E77 /* Views */ = {
			isa = PBXGroup;
			children = (
				2F8311802A63322B002C7E77 /* GenresView.swift */,
				2F83117E2A633205002C7E77 /* DailyView.swift */,
				2F83117C2A6331F0002C7E77 /* OriginalsView.swift */,
				2F83117A2A6331DB002C7E77 /* WorldView.swift */,
				2F8311782A6331C2002C7E77 /* AIView.swift */,
				2F8311742A633196002C7E77 /* MessagesView.swift */,
				2F8311722A633181002C7E77 /* NotificationsView.swift */,
				2F8311702A63316A002C7E77 /* ExploreView.swift */,
				2F83116C2A633137002C7E77 /* leftSwipeView.swift */,
				2F83116A2A633116002C7E77 /* PersonalProfileView.swift */,
				2F8311682A6330E6002C7E77 /* BusinessProfileView.swift */,
				2F8311642A633080002C7E77 /* ProfileHeaderView.swift */,
				2F8311622A632FFB002C7E77 /* BusinessFeedView.swift */,
				2F83115E2A632FB3002C7E77 /* PersonalFeedView.swift */,
				2F57EB522A6E1003008DE6C4 /* JobPostingView.swift */,
				2F57EB542A6E1037008DE6C4 /* ContentView2.swift */,
				2F57EB562A6EE081008DE6C4 /* LoginView2.swift */,
				2F57EB582A6EE0AB008DE6C4 /* CreateAccountView2.swift */,
				2F57EB5A2A6EE0C7008DE6C4 /* VerificationView2.swift */,
				2F57EB5C2A6EE0F5008DE6C4 /* HomePageView.swift */,
				2F57EB5E2A6EE122008DE6C4 /* EditProjectView.swift */,
				2F57EB602A6EE176008DE6C4 /* PostView.swift */,
				2F57EB622A6EE1CA008DE6C4 /* ProfileStatView.swift */,
				2F57EB642A6EE1EA008DE6C4 /* ProductionStudioProfileHeaderView.swift */,
				2F57EB662A6EE202008DE6C4 /* ProductionStudioProfileView.swift */,
				2F57EB682A6EE225008DE6C4 /* EmployeeRowView.swift */,
				2F57EB6A2A6EE305008DE6C4 /* WriterProfileHeaderView.swift */,
				2F57EB6C2A6EE353008DE6C4 /* EditProfileView.swift */,
				2F57EB6E2A6EE470008DE6C4 /* ProjectListView.swift */,
				2F57EB702A6EE4B7008DE6C4 /* ProjectListItem.swift */,
				2F57EB722A6EE4D7008DE6C4 /* ProjectDetailsView.swift */,
				2F57EB742A6EE4EE008DE6C4 /* AddProjectView.swift */,
				2FD4339B2A6F599C0002EA25 /* PublishedProjectView.swift */,
				2FD4339D2A6F59BA0002EA25 /* YourProjectView.swift */,
				9E8EC6162A6F4A67002D803C /* CreateProjectView.swift */,
				9E8EC61A2A6F4DCB002D803C /* FeedView.swift */,
			);
			path = Views;
			sourceTree = "<group>";
		};
		2F8311862A65DD37002C7E77 /* Model */ = {
			isa = PBXGroup;
			children = (
				2F8311872A65DD49002C7E77 /* User.swift */,
			);
			path = Model;
			sourceTree = "<group>";
		};
		9EC42AC52A5C3D0F00E2F248 = {
			isa = PBXGroup;
			children = (
				9EC42AD02A5C3D0F00E2F248 /* socialmedia */,
				9EC42AE12A5C3D1000E2F248 /* socialmediaTests */,
				9EC42AEB2A5C3D1000E2F248 /* socialmediaUITests */,
				9EC42ACF2A5C3D0F00E2F248 /* Products */,
				9EDE5CDE2A5DF6400060E816 /* Frameworks */,
			);
			sourceTree = "<group>";
		};
		9EC42ACF2A5C3D0F00E2F248 /* Products */ = {
			isa = PBXGroup;
			children = (
				9EC42ACE2A5C3D0F00E2F248 /* socialmedia.app */,
				9EC42ADE2A5C3D1000E2F248 /* socialmediaTests.xctest */,
				9EC42AE82A5C3D1000E2F248 /* socialmediaUITests.xctest */,
			);
			name = Products;
			sourceTree = "<group>";
		};
		9EC42AD02A5C3D0F00E2F248 /* socialmedia */ = {
			isa = PBXGroup;
			children = (
				2F22A0202A671090000324E0 /* Core */,
				2F22A01F2A67107F000324E0 /* App */,
				2F8311862A65DD37002C7E77 /* Model */,
				2F8311572A632EC1002C7E77 /* Views */,
				9EDE5CE32A5E01030060E816 /* Info.plist */,
				9EC42AD52A5C3D0F00E2F248 /* Assets.xcassets */,
				9EC42AD72A5C3D0F00E2F248 /* Preview Content */,
				9EB936AA2A6E1746001046F9 /* list */,
			);
			path = socialmedia;
			sourceTree = "<group>";
		};
		9EC42AD72A5C3D0F00E2F248 /* Preview Content */ = {
			isa = PBXGroup;
			children = (
				9EC42AD82A5C3D0F00E2F248 /* Preview Assets.xcassets */,
			);
			path = "Preview Content";
			sourceTree = "<group>";
		};
		9EC42AE12A5C3D1000E2F248 /* socialmediaTests */ = {
			isa = PBXGroup;
			children = (
				9EC42AE22A5C3D1000E2F248 /* socialmediaTests.swift */,
			);
			path = socialmediaTests;
			sourceTree = "<group>";
		};
		9EC42AEB2A5C3D1000E2F248 /* socialmediaUITests */ = {
			isa = PBXGroup;
			children = (
				9EC42AEC2A5C3D1000E2F248 /* socialmediaUITests.swift */,
				9EC42AEE2A5C3D1000E2F248 /* socialmediaUITestsLaunchTests.swift */,
			);
			path = socialmediaUITests;
			sourceTree = "<group>";
		};
		9EDE5CDE2A5DF6400060E816 /* Frameworks */ = {
			isa = PBXGroup;
			children = (
				9E4E38C62A6A079500AC8015 /* GoogleService-Info.plist */,
			);
			name = Frameworks;
			sourceTree = "<group>";
		};
/* End PBXGroup section */

/* Begin PBXNativeTarget section */
		9EC42ACD2A5C3D0F00E2F248 /* socialmedia */ = {
			isa = PBXNativeTarget;
			buildConfigurationList = 9EC42AF22A5C3D1000E2F248 /* Build configuration list for PBXNativeTarget "socialmedia" */;
			buildPhases = (
				9EC42ACA2A5C3D0F00E2F248 /* Sources */,
				9EC42ACB2A5C3D0F00E2F248 /* Frameworks */,
				9EC42ACC2A5C3D0F00E2F248 /* Resources */,
			);
			buildRules = (
			);
			dependencies = (
			);
			name = socialmedia;
			packageProductDependencies = (
				9EC42B002A5DDB0100E2F248 /* FirebaseAnalytics */,
				9EC42B022A5DDB0100E2F248 /* FirebaseAnalyticsWithoutAdIdSupport */,
				9EDE5CDF2A5DF6400060E816 /* FirebaseFirestore */,
				9EDE5CE12A5E00FE0060E816 /* FirebaseMessaging */,
				2F22A02D2A686749000324E0 /* FirebaseStorage */,
				2F22A02F2A68675E000324E0 /* FirebaseFirestoreSwift */,
				2F8A29E22A6CF49400C49890 /* FirebaseAuth */,
			);
			productName = socialmedia;
			productReference = 9EC42ACE2A5C3D0F00E2F248 /* socialmedia.app */;
			productType = "com.apple.product-type.application";
		};
		9EC42ADD2A5C3D1000E2F248 /* socialmediaTests */ = {
			isa = PBXNativeTarget;
			buildConfigurationList = 9EC42AF52A5C3D1000E2F248 /* Build configuration list for PBXNativeTarget "socialmediaTests" */;
			buildPhases = (
				9EC42ADA2A5C3D1000E2F248 /* Sources */,
				9EC42ADB2A5C3D1000E2F248 /* Frameworks */,
				9EC42ADC2A5C3D1000E2F248 /* Resources */,
			);
			buildRules = (
			);
			dependencies = (
				9EC42AE02A5C3D1000E2F248 /* PBXTargetDependency */,
			);
			name = socialmediaTests;
			productName = socialmediaTests;
			productReference = 9EC42ADE2A5C3D1000E2F248 /* socialmediaTests.xctest */;
			productType = "com.apple.product-type.bundle.unit-test";
		};
		9EC42AE72A5C3D1000E2F248 /* socialmediaUITests */ = {
			isa = PBXNativeTarget;
			buildConfigurationList = 9EC42AF82A5C3D1000E2F248 /* Build configuration list for PBXNativeTarget "socialmediaUITests" */;
			buildPhases = (
				9EC42AE42A5C3D1000E2F248 /* Sources */,
				9EC42AE52A5C3D1000E2F248 /* Frameworks */,
				9EC42AE62A5C3D1000E2F248 /* Resources */,
			);
			buildRules = (
			);
			dependencies = (
				9EC42AEA2A5C3D1000E2F248 /* PBXTargetDependency */,
			);
			name = socialmediaUITests;
			productName = socialmediaUITests;
			productReference = 9EC42AE82A5C3D1000E2F248 /* socialmediaUITests.xctest */;
			productType = "com.apple.product-type.bundle.ui-testing";
		};
/* End PBXNativeTarget section */

/* Begin PBXProject section */
		9EC42AC62A5C3D0F00E2F248 /* Project object */ = {
			isa = PBXProject;
			attributes = {
				BuildIndependentTargetsInParallel = 1;
				LastSwiftUpdateCheck = 1430;
				LastUpgradeCheck = 1430;
				TargetAttributes = {
					9EC42ACD2A5C3D0F00E2F248 = {
						CreatedOnToolsVersion = 14.3.1;
					};
					9EC42ADD2A5C3D1000E2F248 = {
						CreatedOnToolsVersion = 14.3.1;
						TestTargetID = 9EC42ACD2A5C3D0F00E2F248;
					};
					9EC42AE72A5C3D1000E2F248 = {
						CreatedOnToolsVersion = 14.3.1;
						TestTargetID = 9EC42ACD2A5C3D0F00E2F248;
					};
				};
			};
			buildConfigurationList = 9EC42AC92A5C3D0F00E2F248 /* Build configuration list for PBXProject "socialmedia" */;
			compatibilityVersion = "Xcode 14.0";
			developmentRegion = en;
			hasScannedForEncodings = 0;
			knownRegions = (
				en,
				Base,
			);
			mainGroup = 9EC42AC52A5C3D0F00E2F248;
			packageReferences = (
				9EC42AFF2A5DDB0000E2F248 /* XCRemoteSwiftPackageReference "firebase-ios-sdk" */,
			);
			productRefGroup = 9EC42ACF2A5C3D0F00E2F248 /* Products */;
			projectDirPath = "";
			projectRoot = "";
			targets = (
				9EC42ACD2A5C3D0F00E2F248 /* socialmedia */,
				9EC42ADD2A5C3D1000E2F248 /* socialmediaTests */,
				9EC42AE72A5C3D1000E2F248 /* socialmediaUITests */,
			);
		};
/* End PBXProject section */

/* Begin PBXResourcesBuildPhase section */
		9EC42ACC2A5C3D0F00E2F248 /* Resources */ = {
			isa = PBXResourcesBuildPhase;
			buildActionMask = 2147483647;
			files = (
				9EB936AB2A6E1746001046F9 /* list in Resources */,
				9EC42AD92A5C3D0F00E2F248 /* Preview Assets.xcassets in Resources */,
				9EC42AD62A5C3D0F00E2F248 /* Assets.xcassets in Resources */,
				9E4E38C72A6A079500AC8015 /* GoogleService-Info.plist in Resources */,
			);
			runOnlyForDeploymentPostprocessing = 0;
		};
		9EC42ADC2A5C3D1000E2F248 /* Resources */ = {
			isa = PBXResourcesBuildPhase;
			buildActionMask = 2147483647;
			files = (
				9E4E38C82A6A079500AC8015 /* GoogleService-Info.plist in Resources */,
			);
			runOnlyForDeploymentPostprocessing = 0;
		};
		9EC42AE62A5C3D1000E2F248 /* Resources */ = {
			isa = PBXResourcesBuildPhase;
			buildActionMask = 2147483647;
			files = (
				9E4E38C92A6A079500AC8015 /* GoogleService-Info.plist in Resources */,
			);
			runOnlyForDeploymentPostprocessing = 0;
		};
/* End PBXResourcesBuildPhase section */

/* Begin PBXSourcesBuildPhase section */
		9EC42ACA2A5C3D0F00E2F248 /* Sources */ = {
			isa = PBXSourcesBuildPhase;
			buildActionMask = 2147483647;
			files = (
				2F57EB712A6EE4B7008DE6C4 /* ProjectListItem.swift in Sources */,
				2F57EB5F2A6EE122008DE6C4 /* EditProjectView.swift in Sources */,
				2F57EB6F2A6EE470008DE6C4 /* ProjectListView.swift in Sources */,
				2F57EB572A6EE081008DE6C4 /* LoginView2.swift in Sources */,
				2F57EB592A6EE0AB008DE6C4 /* CreateAccountView2.swift in Sources */,
				2F57EB692A6EE225008DE6C4 /* EmployeeRowView.swift in Sources */,
				2F8311752A633196002C7E77 /* MessagesView.swift in Sources */,
				2F57EB532A6E1003008DE6C4 /* JobPostingView.swift in Sources */,
				2F8311712A63316A002C7E77 /* ExploreView.swift in Sources */,
				2F8A29E12A6CEDE800C49890 /* UserStatView.swift in Sources */,
				2F8A29E72A6DC66900C49890 /* MainTabView.swift in Sources */,
				2F83116D2A633137002C7E77 /* leftSwipeView.swift in Sources */,
				2F8311882A65DD49002C7E77 /* User.swift in Sources */,
				2F83115F2A632FB3002C7E77 /* PersonalFeedView.swift in Sources */,
				2F8311832A633266002C7E77 /* LoginView.swift in Sources */,
				2FD4339C2A6F599C0002EA25 /* PublishedProjectView.swift in Sources */,
				2F8A29E52A6D08B800C49890 /* LoginViewModel.swift in Sources */,
				2F57EB6D2A6EE353008DE6C4 /* EditProfileView.swift in Sources */,
				2FD4339E2A6F59BA0002EA25 /* YourProjectView.swift in Sources */,
				2F83117D2A6331F0002C7E77 /* OriginalsView.swift in Sources */,
				2F8311812A63322B002C7E77 /* GenresView.swift in Sources */,
				2F8311692A6330E6002C7E77 /* BusinessProfileView.swift in Sources */,
				2F8311592A632F13002C7E77 /* CreateAccountView.swift in Sources */,
				2F8A29DF2A6CEDAF00C49890 /* ProfileView.swift in Sources */,
				9E8EC61B2A6F4DCB002D803C /* FeedView.swift in Sources */,
				9EC42AD42A5C3D0F00E2F248 /* ContentView.swift in Sources */,
				2F57EB552A6E1037008DE6C4 /* ContentView2.swift in Sources */,
				2F8311632A632FFB002C7E77 /* BusinessFeedView.swift in Sources */,
				2F57EB672A6EE202008DE6C4 /* ProductionStudioProfileView.swift in Sources */,
				2F57EB6B2A6EE305008DE6C4 /* WriterProfileHeaderView.swift in Sources */,
				2F83117B2A6331DB002C7E77 /* WorldView.swift in Sources */,
				2F8311792A6331C2002C7E77 /* AIView.swift in Sources */,
				2F22A0362A687420000324E0 /* ContentViewModel.swift in Sources */,
				9E8EC6172A6F4A67002D803C /* CreateProjectView.swift in Sources */,
				9E2B74AB2A60A1B500F4B33D /* socialmediaApp.swift in Sources */,
				2F57EB5B2A6EE0C7008DE6C4 /* VerificationView2.swift in Sources */,
				2F83115B2A632F5F002C7E77 /* VerificationView.swift in Sources */,
				2F83116B2A633116002C7E77 /* PersonalProfileView.swift in Sources */,
				2F8311732A633181002C7E77 /* NotificationsView.swift in Sources */,
				2F57EB652A6EE1EA008DE6C4 /* ProductionStudioProfileHeaderView.swift in Sources */,
				2F22A02C2A679A68000324E0 /* TextFieldModifier.swift in Sources */,
				2F22A0382A688960000324E0 /* RegisterViewModel.swift in Sources */,
				2F8311852A633A2C002C7E77 /* AuthViewModel.swift in Sources */,
				2F57EB632A6EE1CA008DE6C4 /* ProfileStatView.swift in Sources */,
				2F57EB752A6EE4EE008DE6C4 /* AddProjectView.swift in Sources */,
				2F83117F2A633205002C7E77 /* DailyView.swift in Sources */,
				2F57EB732A6EE4D7008DE6C4 /* ProjectDetailsView.swift in Sources */,
				2F8311652A633080002C7E77 /* ProfileHeaderView.swift in Sources */,
				2F57EB612A6EE176008DE6C4 /* PostView.swift in Sources */,
				2F57EB5D2A6EE0F5008DE6C4 /* HomePageView.swift in Sources */,
			);
			runOnlyForDeploymentPostprocessing = 0;
		};
		9EC42ADA2A5C3D1000E2F248 /* Sources */ = {
			isa = PBXSourcesBuildPhase;
			buildActionMask = 2147483647;
			files = (
				9EC42AE32A5C3D1000E2F248 /* socialmediaTests.swift in Sources */,
				9E2B74AC2A60A1B500F4B33D /* socialmediaApp.swift in Sources */,
			);
			runOnlyForDeploymentPostprocessing = 0;
		};
		9EC42AE42A5C3D1000E2F248 /* Sources */ = {
			isa = PBXSourcesBuildPhase;
			buildActionMask = 2147483647;
			files = (
				9EC42AEF2A5C3D1000E2F248 /* socialmediaUITestsLaunchTests.swift in Sources */,
				9EC42AED2A5C3D1000E2F248 /* socialmediaUITests.swift in Sources */,
				9E2B74AD2A60A1B500F4B33D /* socialmediaApp.swift in Sources */,
			);
			runOnlyForDeploymentPostprocessing = 0;
		};
/* End PBXSourcesBuildPhase section */

/* Begin PBXTargetDependency section */
		9EC42AE02A5C3D1000E2F248 /* PBXTargetDependency */ = {
			isa = PBXTargetDependency;
			target = 9EC42ACD2A5C3D0F00E2F248 /* socialmedia */;
			targetProxy = 9EC42ADF2A5C3D1000E2F248 /* PBXContainerItemProxy */;
		};
		9EC42AEA2A5C3D1000E2F248 /* PBXTargetDependency */ = {
			isa = PBXTargetDependency;
			target = 9EC42ACD2A5C3D0F00E2F248 /* socialmedia */;
			targetProxy = 9EC42AE92A5C3D1000E2F248 /* PBXContainerItemProxy */;
		};
/* End PBXTargetDependency section */

/* Begin XCBuildConfiguration section */
		9EC42AF02A5C3D1000E2F248 /* Debug */ = {
			isa = XCBuildConfiguration;
			buildSettings = {
				ALWAYS_SEARCH_USER_PATHS = NO;
				CLANG_ANALYZER_NONNULL = YES;
				CLANG_ANALYZER_NUMBER_OBJECT_CONVERSION = YES_AGGRESSIVE;
				CLANG_CXX_LANGUAGE_STANDARD = "gnu++20";
				CLANG_ENABLE_MODULES = YES;
				CLANG_ENABLE_OBJC_ARC = YES;
				CLANG_ENABLE_OBJC_WEAK = YES;
				CLANG_WARN_BLOCK_CAPTURE_AUTORELEASING = YES;
				CLANG_WARN_BOOL_CONVERSION = YES;
				CLANG_WARN_COMMA = YES;
				CLANG_WARN_CONSTANT_CONVERSION = YES;
				CLANG_WARN_DEPRECATED_OBJC_IMPLEMENTATIONS = YES;
				CLANG_WARN_DIRECT_OBJC_ISA_USAGE = YES_ERROR;
				CLANG_WARN_DOCUMENTATION_COMMENTS = YES;
				CLANG_WARN_EMPTY_BODY = YES;
				CLANG_WARN_ENUM_CONVERSION = YES;
				CLANG_WARN_INFINITE_RECURSION = YES;
				CLANG_WARN_INT_CONVERSION = YES;
				CLANG_WARN_NON_LITERAL_NULL_CONVERSION = YES;
				CLANG_WARN_OBJC_IMPLICIT_RETAIN_SELF = YES;
				CLANG_WARN_OBJC_LITERAL_CONVERSION = YES;
				CLANG_WARN_OBJC_ROOT_CLASS = YES_ERROR;
				CLANG_WARN_QUOTED_INCLUDE_IN_FRAMEWORK_HEADER = YES;
				CLANG_WARN_RANGE_LOOP_ANALYSIS = YES;
				CLANG_WARN_STRICT_PROTOTYPES = YES;
				CLANG_WARN_SUSPICIOUS_MOVE = YES;
				CLANG_WARN_UNGUARDED_AVAILABILITY = YES_AGGRESSIVE;
				CLANG_WARN_UNREACHABLE_CODE = YES;
				CLANG_WARN__DUPLICATE_METHOD_MATCH = YES;
				COPY_PHASE_STRIP = NO;
				DEBUG_INFORMATION_FORMAT = dwarf;
				ENABLE_STRICT_OBJC_MSGSEND = YES;
				ENABLE_TESTABILITY = YES;
				GCC_C_LANGUAGE_STANDARD = gnu11;
				GCC_DYNAMIC_NO_PIC = NO;
				GCC_NO_COMMON_BLOCKS = YES;
				GCC_OPTIMIZATION_LEVEL = 0;
				GCC_PREPROCESSOR_DEFINITIONS = (
					"DEBUG=1",
					"$(inherited)",
				);
				GCC_WARN_64_TO_32_BIT_CONVERSION = YES;
				GCC_WARN_ABOUT_RETURN_TYPE = YES_ERROR;
				GCC_WARN_UNDECLARED_SELECTOR = YES;
				GCC_WARN_UNINITIALIZED_AUTOS = YES_AGGRESSIVE;
				GCC_WARN_UNUSED_FUNCTION = YES;
				GCC_WARN_UNUSED_VARIABLE = YES;
				IPHONEOS_DEPLOYMENT_TARGET = 16.4;
				MTL_ENABLE_DEBUG_INFO = INCLUDE_SOURCE;
				MTL_FAST_MATH = YES;
				ONLY_ACTIVE_ARCH = YES;
				SDKROOT = iphoneos;
				SWIFT_ACTIVE_COMPILATION_CONDITIONS = DEBUG;
				SWIFT_OPTIMIZATION_LEVEL = "-Onone";
			};
			name = Debug;
		};
		9EC42AF12A5C3D1000E2F248 /* Release */ = {
			isa = XCBuildConfiguration;
			buildSettings = {
				ALWAYS_SEARCH_USER_PATHS = NO;
				CLANG_ANALYZER_NONNULL = YES;
				CLANG_ANALYZER_NUMBER_OBJECT_CONVERSION = YES_AGGRESSIVE;
				CLANG_CXX_LANGUAGE_STANDARD = "gnu++20";
				CLANG_ENABLE_MODULES = YES;
				CLANG_ENABLE_OBJC_ARC = YES;
				CLANG_ENABLE_OBJC_WEAK = YES;
				CLANG_WARN_BLOCK_CAPTURE_AUTORELEASING = YES;
				CLANG_WARN_BOOL_CONVERSION = YES;
				CLANG_WARN_COMMA = YES;
				CLANG_WARN_CONSTANT_CONVERSION = YES;
				CLANG_WARN_DEPRECATED_OBJC_IMPLEMENTATIONS = YES;
				CLANG_WARN_DIRECT_OBJC_ISA_USAGE = YES_ERROR;
				CLANG_WARN_DOCUMENTATION_COMMENTS = YES;
				CLANG_WARN_EMPTY_BODY = YES;
				CLANG_WARN_ENUM_CONVERSION = YES;
				CLANG_WARN_INFINITE_RECURSION = YES;
				CLANG_WARN_INT_CONVERSION = YES;
				CLANG_WARN_NON_LITERAL_NULL_CONVERSION = YES;
				CLANG_WARN_OBJC_IMPLICIT_RETAIN_SELF = YES;
				CLANG_WARN_OBJC_LITERAL_CONVERSION = YES;
				CLANG_WARN_OBJC_ROOT_CLASS = YES_ERROR;
				CLANG_WARN_QUOTED_INCLUDE_IN_FRAMEWORK_HEADER = YES;
				CLANG_WARN_RANGE_LOOP_ANALYSIS = YES;
				CLANG_WARN_STRICT_PROTOTYPES = YES;
				CLANG_WARN_SUSPICIOUS_MOVE = YES;
				CLANG_WARN_UNGUARDED_AVAILABILITY = YES_AGGRESSIVE;
				CLANG_WARN_UNREACHABLE_CODE = YES;
				CLANG_WARN__DUPLICATE_METHOD_MATCH = YES;
				COPY_PHASE_STRIP = NO;
				DEBUG_INFORMATION_FORMAT = "dwarf-with-dsym";
				ENABLE_NS_ASSERTIONS = NO;
				ENABLE_STRICT_OBJC_MSGSEND = YES;
				GCC_C_LANGUAGE_STANDARD = gnu11;
				GCC_NO_COMMON_BLOCKS = YES;
				GCC_WARN_64_TO_32_BIT_CONVERSION = YES;
				GCC_WARN_ABOUT_RETURN_TYPE = YES_ERROR;
				GCC_WARN_UNDECLARED_SELECTOR = YES;
				GCC_WARN_UNINITIALIZED_AUTOS = YES_AGGRESSIVE;
				GCC_WARN_UNUSED_FUNCTION = YES;
				GCC_WARN_UNUSED_VARIABLE = YES;
				IPHONEOS_DEPLOYMENT_TARGET = 16.4;
				MTL_ENABLE_DEBUG_INFO = NO;
				MTL_FAST_MATH = YES;
				SDKROOT = iphoneos;
				SWIFT_COMPILATION_MODE = wholemodule;
				SWIFT_OPTIMIZATION_LEVEL = "-O";
				VALIDATE_PRODUCT = YES;
			};
			name = Release;
		};
		9EC42AF32A5C3D1000E2F248 /* Debug */ = {
			isa = XCBuildConfiguration;
			buildSettings = {
				ASSETCATALOG_COMPILER_APPICON_NAME = AppIcon;
				ASSETCATALOG_COMPILER_GLOBAL_ACCENT_COLOR_NAME = AccentColor;
				CODE_SIGN_STYLE = Automatic;
				CURRENT_PROJECT_VERSION = 1;
				DEVELOPMENT_ASSET_PATHS = "\"socialmedia/Preview Content\"";
				ENABLE_PREVIEWS = YES;
				GENERATE_INFOPLIST_FILE = YES;
				INFOPLIST_FILE = socialmedia/Info.plist;
				INFOPLIST_KEY_UIApplicationSceneManifest_Generation = YES;
				INFOPLIST_KEY_UIApplicationSupportsIndirectInputEvents = YES;
				INFOPLIST_KEY_UILaunchScreen_Generation = YES;
				INFOPLIST_KEY_UISupportedInterfaceOrientations = UIInterfaceOrientationPortrait;
				INFOPLIST_KEY_UISupportedInterfaceOrientations_iPad = "UIInterfaceOrientationLandscapeLeft UIInterfaceOrientationLandscapeRight UIInterfaceOrientationPortrait UIInterfaceOrientationPortraitUpsideDown";
				LD_RUNPATH_SEARCH_PATHS = (
					"$(inherited)",
					"@executable_path/Frameworks",
				);
				MARKETING_VERSION = 1.0;
				PRODUCT_BUNDLE_IDENTIFIER = com.socialmedia;
				PRODUCT_NAME = "$(TARGET_NAME)";
				SWIFT_EMIT_LOC_STRINGS = YES;
				SWIFT_VERSION = 5.0;
				TARGETED_DEVICE_FAMILY = "1,2";
			};
			name = Debug;
		};
		9EC42AF42A5C3D1000E2F248 /* Release */ = {
			isa = XCBuildConfiguration;
			buildSettings = {
				ASSETCATALOG_COMPILER_APPICON_NAME = AppIcon;
				ASSETCATALOG_COMPILER_GLOBAL_ACCENT_COLOR_NAME = AccentColor;
				CODE_SIGN_STYLE = Automatic;
				CURRENT_PROJECT_VERSION = 1;
				DEVELOPMENT_ASSET_PATHS = "\"socialmedia/Preview Content\"";
				ENABLE_PREVIEWS = YES;
				GENERATE_INFOPLIST_FILE = YES;
				INFOPLIST_FILE = socialmedia/Info.plist;
				INFOPLIST_KEY_UIApplicationSceneManifest_Generation = YES;
				INFOPLIST_KEY_UIApplicationSupportsIndirectInputEvents = YES;
				INFOPLIST_KEY_UILaunchScreen_Generation = YES;
				INFOPLIST_KEY_UISupportedInterfaceOrientations = UIInterfaceOrientationPortrait;
				INFOPLIST_KEY_UISupportedInterfaceOrientations_iPad = "UIInterfaceOrientationLandscapeLeft UIInterfaceOrientationLandscapeRight UIInterfaceOrientationPortrait UIInterfaceOrientationPortraitUpsideDown";
				LD_RUNPATH_SEARCH_PATHS = (
					"$(inherited)",
					"@executable_path/Frameworks",
				);
				MARKETING_VERSION = 1.0;
				PRODUCT_BUNDLE_IDENTIFIER = com.socialmedia;
				PRODUCT_NAME = "$(TARGET_NAME)";
				SWIFT_EMIT_LOC_STRINGS = YES;
				SWIFT_VERSION = 5.0;
				TARGETED_DEVICE_FAMILY = "1,2";
			};
			name = Release;
		};
		9EC42AF62A5C3D1000E2F248 /* Debug */ = {
			isa = XCBuildConfiguration;
			buildSettings = {
				ALWAYS_EMBED_SWIFT_STANDARD_LIBRARIES = YES;
				BUNDLE_LOADER = "$(TEST_HOST)";
				CODE_SIGN_STYLE = Automatic;
				CURRENT_PROJECT_VERSION = 1;
				GENERATE_INFOPLIST_FILE = YES;
				IPHONEOS_DEPLOYMENT_TARGET = 16.4;
				MARKETING_VERSION = 1.0;
				PRODUCT_BUNDLE_IDENTIFIER = com.socialmediaTests;
				PRODUCT_NAME = "$(TARGET_NAME)";
				SWIFT_EMIT_LOC_STRINGS = NO;
				SWIFT_VERSION = 5.0;
				TARGETED_DEVICE_FAMILY = "1,2";
				TEST_HOST = "$(BUILT_PRODUCTS_DIR)/socialmedia.app/$(BUNDLE_EXECUTABLE_FOLDER_PATH)/socialmedia";
			};
			name = Debug;
		};
		9EC42AF72A5C3D1000E2F248 /* Release */ = {
			isa = XCBuildConfiguration;
			buildSettings = {
				ALWAYS_EMBED_SWIFT_STANDARD_LIBRARIES = YES;
				BUNDLE_LOADER = "$(TEST_HOST)";
				CODE_SIGN_STYLE = Automatic;
				CURRENT_PROJECT_VERSION = 1;
				GENERATE_INFOPLIST_FILE = YES;
				IPHONEOS_DEPLOYMENT_TARGET = 16.4;
				MARKETING_VERSION = 1.0;
				PRODUCT_BUNDLE_IDENTIFIER = com.socialmediaTests;
				PRODUCT_NAME = "$(TARGET_NAME)";
				SWIFT_EMIT_LOC_STRINGS = NO;
				SWIFT_VERSION = 5.0;
				TARGETED_DEVICE_FAMILY = "1,2";
				TEST_HOST = "$(BUILT_PRODUCTS_DIR)/socialmedia.app/$(BUNDLE_EXECUTABLE_FOLDER_PATH)/socialmedia";
			};
			name = Release;
		};
		9EC42AF92A5C3D1000E2F248 /* Debug */ = {
			isa = XCBuildConfiguration;
			buildSettings = {
				ALWAYS_EMBED_SWIFT_STANDARD_LIBRARIES = YES;
				CODE_SIGN_STYLE = Automatic;
				CURRENT_PROJECT_VERSION = 1;
				GENERATE_INFOPLIST_FILE = YES;
				MARKETING_VERSION = 1.0;
				PRODUCT_BUNDLE_IDENTIFIER = com.socialmediaUITests;
				PRODUCT_NAME = "$(TARGET_NAME)";
				SWIFT_EMIT_LOC_STRINGS = NO;
				SWIFT_VERSION = 5.0;
				TARGETED_DEVICE_FAMILY = "1,2";
				TEST_TARGET_NAME = socialmedia;
			};
			name = Debug;
		};
		9EC42AFA2A5C3D1000E2F248 /* Release */ = {
			isa = XCBuildConfiguration;
			buildSettings = {
				ALWAYS_EMBED_SWIFT_STANDARD_LIBRARIES = YES;
				CODE_SIGN_STYLE = Automatic;
				CURRENT_PROJECT_VERSION = 1;
				GENERATE_INFOPLIST_FILE = YES;
				MARKETING_VERSION = 1.0;
				PRODUCT_BUNDLE_IDENTIFIER = com.socialmediaUITests;
				PRODUCT_NAME = "$(TARGET_NAME)";
				SWIFT_EMIT_LOC_STRINGS = NO;
				SWIFT_VERSION = 5.0;
				TARGETED_DEVICE_FAMILY = "1,2";
				TEST_TARGET_NAME = socialmedia;
			};
			name = Release;
		};
/* End XCBuildConfiguration section */

/* Begin XCConfigurationList section */
		9EC42AC92A5C3D0F00E2F248 /* Build configuration list for PBXProject "socialmedia" */ = {
			isa = XCConfigurationList;
			buildConfigurations = (
				9EC42AF02A5C3D1000E2F248 /* Debug */,
				9EC42AF12A5C3D1000E2F248 /* Release */,
			);
			defaultConfigurationIsVisible = 0;
			defaultConfigurationName = Release;
		};
		9EC42AF22A5C3D1000E2F248 /* Build configuration list for PBXNativeTarget "socialmedia" */ = {
			isa = XCConfigurationList;
			buildConfigurations = (
				9EC42AF32A5C3D1000E2F248 /* Debug */,
				9EC42AF42A5C3D1000E2F248 /* Release */,
			);
			defaultConfigurationIsVisible = 0;
			defaultConfigurationName = Release;
		};
		9EC42AF52A5C3D1000E2F248 /* Build configuration list for PBXNativeTarget "socialmediaTests" */ = {
			isa = XCConfigurationList;
			buildConfigurations = (
				9EC42AF62A5C3D1000E2F248 /* Debug */,
				9EC42AF72A5C3D1000E2F248 /* Release */,
			);
			defaultConfigurationIsVisible = 0;
			defaultConfigurationName = Release;
		};
		9EC42AF82A5C3D1000E2F248 /* Build configuration list for PBXNativeTarget "socialmediaUITests" */ = {
			isa = XCConfigurationList;
			buildConfigurations = (
				9EC42AF92A5C3D1000E2F248 /* Debug */,
				9EC42AFA2A5C3D1000E2F248 /* Release */,
			);
			defaultConfigurationIsVisible = 0;
			defaultConfigurationName = Release;
		};
/* End XCConfigurationList section */

/* Begin XCRemoteSwiftPackageReference section */
		9EC42AFF2A5DDB0000E2F248 /* XCRemoteSwiftPackageReference "firebase-ios-sdk" */ = {
			isa = XCRemoteSwiftPackageReference;
			repositoryURL = "https://github.com/firebase/firebase-ios-sdk";
			requirement = {
				kind = upToNextMajorVersion;
				minimumVersion = 10.0.0;
			};
		};
/* End XCRemoteSwiftPackageReference section */

/* Begin XCSwiftPackageProductDependency section */
		2F22A02D2A686749000324E0 /* FirebaseStorage */ = {
			isa = XCSwiftPackageProductDependency;
			package = 9EC42AFF2A5DDB0000E2F248 /* XCRemoteSwiftPackageReference "firebase-ios-sdk" */;
			productName = FirebaseStorage;
		};
		2F22A02F2A68675E000324E0 /* FirebaseFirestoreSwift */ = {
			isa = XCSwiftPackageProductDependency;
			package = 9EC42AFF2A5DDB0000E2F248 /* XCRemoteSwiftPackageReference "firebase-ios-sdk" */;
			productName = FirebaseFirestoreSwift;
		};
		2F8A29E22A6CF49400C49890 /* FirebaseAuth */ = {
			isa = XCSwiftPackageProductDependency;
			package = 9EC42AFF2A5DDB0000E2F248 /* XCRemoteSwiftPackageReference "firebase-ios-sdk" */;
			productName = FirebaseAuth;
		};
		9EC42B002A5DDB0100E2F248 /* FirebaseAnalytics */ = {
			isa = XCSwiftPackageProductDependency;
			package = 9EC42AFF2A5DDB0000E2F248 /* XCRemoteSwiftPackageReference "firebase-ios-sdk" */;
			productName = FirebaseAnalytics;
		};
		9EC42B022A5DDB0100E2F248 /* FirebaseAnalyticsWithoutAdIdSupport */ = {
			isa = XCSwiftPackageProductDependency;
			package = 9EC42AFF2A5DDB0000E2F248 /* XCRemoteSwiftPackageReference "firebase-ios-sdk" */;
			productName = FirebaseAnalyticsWithoutAdIdSupport;
		};
		9EDE5CDF2A5DF6400060E816 /* FirebaseFirestore */ = {
			isa = XCSwiftPackageProductDependency;
			package = 9EC42AFF2A5DDB0000E2F248 /* XCRemoteSwiftPackageReference "firebase-ios-sdk" */;
			productName = FirebaseFirestore;
		};
		9EDE5CE12A5E00FE0060E816 /* FirebaseMessaging */ = {
			isa = XCSwiftPackageProductDependency;
			package = 9EC42AFF2A5DDB0000E2F248 /* XCRemoteSwiftPackageReference "firebase-ios-sdk" */;
			productName = FirebaseMessaging;
		};
/* End XCSwiftPackageProductDependency section */
	};
	rootObject = 9EC42AC62A5C3D0F00E2F248 /* Project object */;
}
